
Microsoft Visual Studio Solution File, Format Version 12.00
# Visual Studio Version 16
VisualStudioVersion = 16.0.32802.440
MinimumVisualStudioVersion = 10.0.40219.1
Project("{FAE04EC0-301F-11D3-BF4B-00C04F79EFBC}") = "Estanteria", "Estanteria.csproj", "{AEFD0A28-CB78-4393-A8E6-8FEFE7F3254D}"
EndProject
Project("{FAE04EC0-301F-11D3-BF4B-00C04F79EFBC}") = "Console", "..\Console\Console.csproj", "{A55CEFD1-8C0C-478B-AA4D-64A24733B003}"
EndProject
Global
	GlobalSection(SolutionConfigurationPlatforms) = preSolution
		Debug|Any CPU = Debug|Any CPU
		Release|Any CPU = Release|Any CPU
	EndGlobalSection
	GlobalSection(ProjectConfigurationPlatforms) = postSolution
		{AEFD0A28-CB78-4393-A8E6-8FEFE7F3254D}.Debug|Any CPU.ActiveCfg = Debug|Any CPU
		{AEFD0A28-CB78-4393-A8E6-8FEFE7F3254D}.Debug|Any CPU.Build.0 = Debug|Any CPU
		{AEFD0A28-CB78-4393-A8E6-8FEFE7F3254D}.Release|Any CPU.ActiveCfg = Release|Any CPU
		{AEFD0A28-CB78-4393-A8E6-8FEFE7F3254D}.Release|Any CPU.Build.0 = Release|Any CPU
		{A55CEFD1-8C0C-478B-AA4D-64A24733B003}.Debug|Any CPU.ActiveCfg = Debug|Any CPU
		{A55CEFD1-8C0C-478B-AA4D-64A24733B003}.Debug|Any CPU.Build.0 = Debug|Any CPU
		{A55CEFD1-8C0C-478B-AA4D-64A24733B003}.Release|Any CPU.ActiveCfg = Release|Any CPU
		{A55CEFD1-8C0C-478B-AA4D-64A24733B003}.Release|Any CPU.Build.0 = Release|Any CPU
	EndGlobalSection
	GlobalSection(SolutionProperties) = preSolution
		HideSolutionNode = FALSE
	EndGlobalSection
	GlobalSection(ExtensibilityGlobals) = postSolution
		SolutionGuid = {B335ED83-BE2E-4A76-92D2-F32E0D05C885}
	EndGlobalSection
EndGlobal
